// !$*UTF8*$!
{
	archiveVersion = 1;
	classes = {
	};
	objectVersion = 56;
	objects = {

/* Begin PBXBuildFile section */
		EDA1F4D82AE824ED007ADD1A /* AppDelegate.swift in Sources */ = {isa = PBXBuildFile; fileRef = EDA1F4D72AE824ED007ADD1A /* AppDelegate.swift */; };
		EDA1F4DA2AE824ED007ADD1A /* SceneDelegate.swift in Sources */ = {isa = PBXBuildFile; fileRef = EDA1F4D92AE824ED007ADD1A /* SceneDelegate.swift */; };
		EDA1F4E12AE824F0007ADD1A /* Assets.xcassets in Resources */ = {isa = PBXBuildFile; fileRef = EDA1F4E02AE824F0007ADD1A /* Assets.xcassets */; };
		EDA1F4E42AE824F0007ADD1A /* LaunchScreen.storyboard in Resources */ = {isa = PBXBuildFile; fileRef = EDA1F4E22AE824F0007ADD1A /* LaunchScreen.storyboard */; };
		EDA1F4EF2AE82E7E007ADD1A /* UIColor+Consts.swift in Sources */ = {isa = PBXBuildFile; fileRef = EDA1F4EE2AE82E7E007ADD1A /* UIColor+Consts.swift */; };
		EDA1F4F12AE834EB007ADD1A /* UIFont+Consts.swift in Sources */ = {isa = PBXBuildFile; fileRef = EDA1F4F02AE834EB007ADD1A /* UIFont+Consts.swift */; };
		EDA1F4F32AE8383E007ADD1A /* UIImage+Consts.swift in Sources */ = {isa = PBXBuildFile; fileRef = EDA1F4F22AE8383E007ADD1A /* UIImage+Consts.swift */; };
		EDA1F4F62AE83B0D007ADD1A /* SnapKit in Frameworks */ = {isa = PBXBuildFile; productRef = EDA1F4F52AE83B0D007ADD1A /* SnapKit */; };
		EDA1F4FB2AE83DE1007ADD1A /* LoginVC.swift in Sources */ = {isa = PBXBuildFile; fileRef = EDA1F4FA2AE83DE1007ADD1A /* LoginVC.swift */; };
		EDA1F4FE2AF15F5F007ADD1A /* View+Layer.swift in Sources */ = {isa = PBXBuildFile; fileRef = EDA1F4FD2AF15F5F007ADD1A /* View+Layer.swift */; };
		EDA1F5012AF16033007ADD1A /* UIButton+Styles.swift in Sources */ = {isa = PBXBuildFile; fileRef = EDA1F5002AF16033007ADD1A /* UIButton+Styles.swift */; };
		EDA1F5042AF16ED1007ADD1A /* LineTextField.swift in Sources */ = {isa = PBXBuildFile; fileRef = EDA1F5032AF16ED1007ADD1A /* LineTextField.swift */; };
		EDA1F5062AFE9435007ADD1A /* UIButton+Actions.swift in Sources */ = {isa = PBXBuildFile; fileRef = EDA1F5052AFE9434007ADD1A /* UIButton+Actions.swift */; };
		EDA1F5082AFE978D007ADD1A /* LoginVM.swift in Sources */ = {isa = PBXBuildFile; fileRef = EDA1F5072AFE978D007ADD1A /* LoginVM.swift */; };
		EDA1F50A2AFE97F5007ADD1A /* LoginAssembler.swift in Sources */ = {isa = PBXBuildFile; fileRef = EDA1F5092AFE97F5007ADD1A /* LoginAssembler.swift */; };
		EDA1F50E2AFEA1BA007ADD1A /* InputValidator.swift in Sources */ = {isa = PBXBuildFile; fileRef = EDA1F50D2AFEA1BA007ADD1A /* InputValidator.swift */; };
		EDA1F5112AFEA816007ADD1A /* InputValidator+Login.swift in Sources */ = {isa = PBXBuildFile; fileRef = EDA1F5102AFEA816007ADD1A /* InputValidator+Login.swift */; };
		EDA1F5142B03D5B3007ADD1A /* RegisterVC.swift in Sources */ = {isa = PBXBuildFile; fileRef = EDA1F5132B03D5B3007ADD1A /* RegisterVC.swift */; };
		EDA1F5162B03DB8E007ADD1A /* RegisterPresenter.swift in Sources */ = {isa = PBXBuildFile; fileRef = EDA1F5152B03DB8E007ADD1A /* RegisterPresenter.swift */; };
		EDA1F5182B03E122007ADD1A /* RegisterAssembler.swift in Sources */ = {isa = PBXBuildFile; fileRef = EDA1F5172B03E122007ADD1A /* RegisterAssembler.swift */; };
		EDA1F51B2B03E54A007ADD1A /* KeyboardHelper.swift in Sources */ = {isa = PBXBuildFile; fileRef = EDA1F51A2B03E54A007ADD1A /* KeyboardHelper.swift */; };
		EDA1F5212B0A3731007ADD1A /* Localizable.strings in Resources */ = {isa = PBXBuildFile; fileRef = EDA1F5232B0A3731007ADD1A /* Localizable.strings */; };
		EDA1F5282B0A3A4E007ADD1A /* String+Localize.swift in Sources */ = {isa = PBXBuildFile; fileRef = EDA1F5272B0A3A4E007ADD1A /* String+Localize.swift */; };
		EDA1F52A2B0A4016007ADD1A /* UIView+Styles.swift in Sources */ = {isa = PBXBuildFile; fileRef = EDA1F5292B0A4016007ADD1A /* UIView+Styles.swift */; };
		EDA1F52D2B0A78C9007ADD1A /* Label+Style.swift in Sources */ = {isa = PBXBuildFile; fileRef = EDA1F52C2B0A78C9007ADD1A /* Label+Style.swift */; };
		EDA1F5302B0D1248007ADD1A /* AppCoordinator.swift in Sources */ = {isa = PBXBuildFile; fileRef = EDA1F52F2B0D1248007ADD1A /* AppCoordinator.swift */; };
		EDA1F5332B0D12A7007ADD1A /* Coordinator.swift in Sources */ = {isa = PBXBuildFile; fileRef = EDA1F5322B0D12A7007ADD1A /* Coordinator.swift */; };
		EDA1F5362B0D1B75007ADD1A /* LoginCoordinator.swift in Sources */ = {isa = PBXBuildFile; fileRef = EDA1F5352B0D1B75007ADD1A /* LoginCoordinator.swift */; };
		EDA1F5392B0D24D4007ADD1A /* RegisterCoordinator.swift in Sources */ = {isa = PBXBuildFile; fileRef = EDA1F5382B0D24D4007ADD1A /* RegisterCoordinator.swift */; };
		EDA1F53C2B164B8E007ADD1A /* ParametersHelper.swift in Sources */ = {isa = PBXBuildFile; fileRef = EDA1F53B2B164B8E007ADD1A /* ParametersHelper.swift */; };
		EDA1F5412B165489007ADD1A /* OnboardFirstStepVC.swift in Sources */ = {isa = PBXBuildFile; fileRef = EDA1F5402B165489007ADD1A /* OnboardFirstStepVC.swift */; };
		EDA1F5432B165680007ADD1A /* OnboardFirstStepVM.swift in Sources */ = {isa = PBXBuildFile; fileRef = EDA1F5422B165680007ADD1A /* OnboardFirstStepVM.swift */; };
		EDA1F5462B165739007ADD1A /* OnboardFirstStepAssembler.swift in Sources */ = {isa = PBXBuildFile; fileRef = EDA1F5452B165739007ADD1A /* OnboardFirstStepAssembler.swift */; };
		EDA1F5482B1657EA007ADD1A /* OnboardFirstStepCoordinator.swift in Sources */ = {isa = PBXBuildFile; fileRef = EDA1F5472B1657EA007ADD1A /* OnboardFirstStepCoordinator.swift */; };
		EDA1F54C2B165AF2007ADD1A /* OnboardSecondStepVC.swift in Sources */ = {isa = PBXBuildFile; fileRef = EDA1F54B2B165AF2007ADD1A /* OnboardSecondStepVC.swift */; };
		EDA1F54E2B165D9B007ADD1A /* OnboardSecondStepVM.swift in Sources */ = {isa = PBXBuildFile; fileRef = EDA1F54D2B165D9B007ADD1A /* OnboardSecondStepVM.swift */; };
		EDA9C2BA2B1CEB0A00655764 /* OnboardSecondStepCoordinator.swift in Sources */ = {isa = PBXBuildFile; fileRef = EDA9C2B92B1CEB0A00655764 /* OnboardSecondStepCoordinator.swift */; };
		EDA9C2BC2B1CFAA000655764 /* OnboardSecondStepAssembler.swift in Sources */ = {isa = PBXBuildFile; fileRef = EDA9C2BB2B1CFAA000655764 /* OnboardSecondStepAssembler.swift */; };
		EDA9C2BF2B1E02AB00655764 /* MainBaseVC.swift in Sources */ = {isa = PBXBuildFile; fileRef = EDA9C2BE2B1E02AB00655764 /* MainBaseVC.swift */; };
		EDA9C2C12B1E075B00655764 /* AuthVC.swift in Sources */ = {isa = PBXBuildFile; fileRef = EDA9C2C02B1E075B00655764 /* AuthVC.swift */; };
/* End PBXBuildFile section */

/* Begin PBXFileReference section */
		EDA1F4D42AE824ED007ADD1A /* NoteMe.app */ = {isa = PBXFileReference; explicitFileType = wrapper.application; includeInIndex = 0; path = NoteMe.app; sourceTree = BUILT_PRODUCTS_DIR; };
		EDA1F4D72AE824ED007ADD1A /* AppDelegate.swift */ = {isa = PBXFileReference; lastKnownFileType = sourcecode.swift; path = AppDelegate.swift; sourceTree = "<group>"; };
		EDA1F4D92AE824ED007ADD1A /* SceneDelegate.swift */ = {isa = PBXFileReference; lastKnownFileType = sourcecode.swift; path = SceneDelegate.swift; sourceTree = "<group>"; };
		EDA1F4E02AE824F0007ADD1A /* Assets.xcassets */ = {isa = PBXFileReference; lastKnownFileType = folder.assetcatalog; path = Assets.xcassets; sourceTree = "<group>"; };
		EDA1F4E32AE824F0007ADD1A /* Base */ = {isa = PBXFileReference; lastKnownFileType = file.storyboard; name = Base; path = Base.lproj/LaunchScreen.storyboard; sourceTree = "<group>"; };
		EDA1F4E52AE824F0007ADD1A /* Info.plist */ = {isa = PBXFileReference; lastKnownFileType = text.plist.xml; path = Info.plist; sourceTree = "<group>"; };
		EDA1F4EE2AE82E7E007ADD1A /* UIColor+Consts.swift */ = {isa = PBXFileReference; lastKnownFileType = sourcecode.swift; path = "UIColor+Consts.swift"; sourceTree = "<group>"; };
		EDA1F4F02AE834EB007ADD1A /* UIFont+Consts.swift */ = {isa = PBXFileReference; lastKnownFileType = sourcecode.swift; path = "UIFont+Consts.swift"; sourceTree = "<group>"; };
		EDA1F4F22AE8383E007ADD1A /* UIImage+Consts.swift */ = {isa = PBXFileReference; lastKnownFileType = sourcecode.swift; path = "UIImage+Consts.swift"; sourceTree = "<group>"; };
		EDA1F4FA2AE83DE1007ADD1A /* LoginVC.swift */ = {isa = PBXFileReference; lastKnownFileType = sourcecode.swift; path = LoginVC.swift; sourceTree = "<group>"; };
		EDA1F4FD2AF15F5F007ADD1A /* View+Layer.swift */ = {isa = PBXFileReference; lastKnownFileType = sourcecode.swift; path = "View+Layer.swift"; sourceTree = "<group>"; };
		EDA1F5002AF16033007ADD1A /* UIButton+Styles.swift */ = {isa = PBXFileReference; lastKnownFileType = sourcecode.swift; path = "UIButton+Styles.swift"; sourceTree = "<group>"; };
		EDA1F5032AF16ED1007ADD1A /* LineTextField.swift */ = {isa = PBXFileReference; lastKnownFileType = sourcecode.swift; path = LineTextField.swift; sourceTree = "<group>"; };
		EDA1F5052AFE9434007ADD1A /* UIButton+Actions.swift */ = {isa = PBXFileReference; lastKnownFileType = sourcecode.swift; path = "UIButton+Actions.swift"; sourceTree = "<group>"; };
		EDA1F5072AFE978D007ADD1A /* LoginVM.swift */ = {isa = PBXFileReference; lastKnownFileType = sourcecode.swift; path = LoginVM.swift; sourceTree = "<group>"; };
		EDA1F5092AFE97F5007ADD1A /* LoginAssembler.swift */ = {isa = PBXFileReference; lastKnownFileType = sourcecode.swift; path = LoginAssembler.swift; sourceTree = "<group>"; };
		EDA1F50D2AFEA1BA007ADD1A /* InputValidator.swift */ = {isa = PBXFileReference; lastKnownFileType = sourcecode.swift; path = InputValidator.swift; sourceTree = "<group>"; };
		EDA1F5102AFEA816007ADD1A /* InputValidator+Login.swift */ = {isa = PBXFileReference; lastKnownFileType = sourcecode.swift; path = "InputValidator+Login.swift"; sourceTree = "<group>"; };
		EDA1F5132B03D5B3007ADD1A /* RegisterVC.swift */ = {isa = PBXFileReference; lastKnownFileType = sourcecode.swift; path = RegisterVC.swift; sourceTree = "<group>"; };
		EDA1F5152B03DB8E007ADD1A /* RegisterPresenter.swift */ = {isa = PBXFileReference; lastKnownFileType = sourcecode.swift; path = RegisterPresenter.swift; sourceTree = "<group>"; };
		EDA1F5172B03E122007ADD1A /* RegisterAssembler.swift */ = {isa = PBXFileReference; lastKnownFileType = sourcecode.swift; path = RegisterAssembler.swift; sourceTree = "<group>"; };
		EDA1F51A2B03E54A007ADD1A /* KeyboardHelper.swift */ = {isa = PBXFileReference; lastKnownFileType = sourcecode.swift; path = KeyboardHelper.swift; sourceTree = "<group>"; };
		EDA1F51E2B0A36B7007ADD1A /* pl */ = {isa = PBXFileReference; lastKnownFileType = text.plist.strings; name = pl; path = pl.lproj/LaunchScreen.strings; sourceTree = "<group>"; };
		EDA1F51F2B0A36C3007ADD1A /* ru */ = {isa = PBXFileReference; lastKnownFileType = text.plist.strings; name = ru; path = ru.lproj/LaunchScreen.strings; sourceTree = "<group>"; };
		EDA1F5202B0A36EE007ADD1A /* be-BY */ = {isa = PBXFileReference; lastKnownFileType = text.plist.strings; name = "be-BY"; path = "be-BY.lproj/LaunchScreen.strings"; sourceTree = "<group>"; };
		EDA1F5222B0A3731007ADD1A /* en */ = {isa = PBXFileReference; lastKnownFileType = text.plist.strings; name = en; path = en.lproj/Localizable.strings; sourceTree = "<group>"; };
		EDA1F5242B0A3737007ADD1A /* be-BY */ = {isa = PBXFileReference; lastKnownFileType = text.plist.strings; name = "be-BY"; path = "be-BY.lproj/Localizable.strings"; sourceTree = "<group>"; };
		EDA1F5252B0A373C007ADD1A /* pl */ = {isa = PBXFileReference; lastKnownFileType = text.plist.strings; name = pl; path = pl.lproj/Localizable.strings; sourceTree = "<group>"; };
		EDA1F5262B0A373D007ADD1A /* ru */ = {isa = PBXFileReference; lastKnownFileType = text.plist.strings; name = ru; path = ru.lproj/Localizable.strings; sourceTree = "<group>"; };
		EDA1F5272B0A3A4E007ADD1A /* String+Localize.swift */ = {isa = PBXFileReference; lastKnownFileType = sourcecode.swift; path = "String+Localize.swift"; sourceTree = "<group>"; };
		EDA1F5292B0A4016007ADD1A /* UIView+Styles.swift */ = {isa = PBXFileReference; lastKnownFileType = sourcecode.swift; path = "UIView+Styles.swift"; sourceTree = "<group>"; };
		EDA1F52C2B0A78C9007ADD1A /* Label+Style.swift */ = {isa = PBXFileReference; lastKnownFileType = sourcecode.swift; path = "Label+Style.swift"; sourceTree = "<group>"; };
		EDA1F52F2B0D1248007ADD1A /* AppCoordinator.swift */ = {isa = PBXFileReference; lastKnownFileType = sourcecode.swift; path = AppCoordinator.swift; sourceTree = "<group>"; };
		EDA1F5322B0D12A7007ADD1A /* Coordinator.swift */ = {isa = PBXFileReference; lastKnownFileType = sourcecode.swift; path = Coordinator.swift; sourceTree = "<group>"; };
		EDA1F5352B0D1B75007ADD1A /* LoginCoordinator.swift */ = {isa = PBXFileReference; lastKnownFileType = sourcecode.swift; path = LoginCoordinator.swift; sourceTree = "<group>"; };
		EDA1F5382B0D24D4007ADD1A /* RegisterCoordinator.swift */ = {isa = PBXFileReference; lastKnownFileType = sourcecode.swift; path = RegisterCoordinator.swift; sourceTree = "<group>"; };
		EDA1F53B2B164B8E007ADD1A /* ParametersHelper.swift */ = {isa = PBXFileReference; lastKnownFileType = sourcecode.swift; path = ParametersHelper.swift; sourceTree = "<group>"; };
		EDA1F5402B165489007ADD1A /* OnboardFirstStepVC.swift */ = {isa = PBXFileReference; lastKnownFileType = sourcecode.swift; path = OnboardFirstStepVC.swift; sourceTree = "<group>"; };
		EDA1F5422B165680007ADD1A /* OnboardFirstStepVM.swift */ = {isa = PBXFileReference; lastKnownFileType = sourcecode.swift; path = OnboardFirstStepVM.swift; sourceTree = "<group>"; };
		EDA1F5452B165739007ADD1A /* OnboardFirstStepAssembler.swift */ = {isa = PBXFileReference; lastKnownFileType = sourcecode.swift; path = OnboardFirstStepAssembler.swift; sourceTree = "<group>"; };
		EDA1F5472B1657EA007ADD1A /* OnboardFirstStepCoordinator.swift */ = {isa = PBXFileReference; lastKnownFileType = sourcecode.swift; path = OnboardFirstStepCoordinator.swift; sourceTree = "<group>"; };
		EDA1F54B2B165AF2007ADD1A /* OnboardSecondStepVC.swift */ = {isa = PBXFileReference; lastKnownFileType = sourcecode.swift; path = OnboardSecondStepVC.swift; sourceTree = "<group>"; };
		EDA1F54D2B165D9B007ADD1A /* OnboardSecondStepVM.swift */ = {isa = PBXFileReference; lastKnownFileType = sourcecode.swift; path = OnboardSecondStepVM.swift; sourceTree = "<group>"; };
		EDA9C2B92B1CEB0A00655764 /* OnboardSecondStepCoordinator.swift */ = {isa = PBXFileReference; lastKnownFileType = sourcecode.swift; path = OnboardSecondStepCoordinator.swift; sourceTree = "<group>"; };
		EDA9C2BB2B1CFAA000655764 /* OnboardSecondStepAssembler.swift */ = {isa = PBXFileReference; lastKnownFileType = sourcecode.swift; path = OnboardSecondStepAssembler.swift; sourceTree = "<group>"; };
		EDA9C2BE2B1E02AB00655764 /* MainBaseVC.swift */ = {isa = PBXFileReference; lastKnownFileType = sourcecode.swift; path = MainBaseVC.swift; sourceTree = "<group>"; };
		EDA9C2C02B1E075B00655764 /* AuthVC.swift */ = {isa = PBXFileReference; lastKnownFileType = sourcecode.swift; path = AuthVC.swift; sourceTree = "<group>"; };
/* End PBXFileReference section */

/* Begin PBXFrameworksBuildPhase section */
		EDA1F4D12AE824ED007ADD1A /* Frameworks */ = {
			isa = PBXFrameworksBuildPhase;
			buildActionMask = 2147483647;
			files = (
				EDA1F4F62AE83B0D007ADD1A /* SnapKit in Frameworks */,
			);
			runOnlyForDeploymentPostprocessing = 0;
		};
/* End PBXFrameworksBuildPhase section */

/* Begin PBXGroup section */
		EDA1F4CB2AE824EC007ADD1A = {
			isa = PBXGroup;
			children = (
				EDA1F4D62AE824ED007ADD1A /* NoteMe */,
				EDA1F4D52AE824ED007ADD1A /* Products */,
			);
			sourceTree = "<group>";
		};
		EDA1F4D52AE824ED007ADD1A /* Products */ = {
			isa = PBXGroup;
			children = (
				EDA1F4D42AE824ED007ADD1A /* NoteMe.app */,
			);
			name = Products;
			sourceTree = "<group>";
		};
		EDA1F4D62AE824ED007ADD1A /* NoteMe */ = {
			isa = PBXGroup;
			children = (
				EDA1F4EB2AE82D0C007ADD1A /* App */,
				EDA1F5022AF16E9E007ADD1A /* Custom */,
				EDA1F4E22AE824F0007ADD1A /* LaunchScreen.storyboard */,
				EDA1F4F72AE83D7B007ADD1A /* Modules */,
				EDA1F4EC2AE82DBA007ADD1A /* Resource */,
				EDA1F50B2AFEA14F007ADD1A /* Services */,
				EDA1F4FF2AF1600C007ADD1A /* Styles */,
				EDA1F4FC2AF15EC2007ADD1A /* Utils */,
			);
			path = NoteMe;
			sourceTree = "<group>";
		};
		EDA1F4EB2AE82D0C007ADD1A /* App */ = {
			isa = PBXGroup;
			children = (
				EDA1F4D72AE824ED007ADD1A /* AppDelegate.swift */,
				EDA1F4E52AE824F0007ADD1A /* Info.plist */,
				EDA1F4D92AE824ED007ADD1A /* SceneDelegate.swift */,
				EDA1F52F2B0D1248007ADD1A /* AppCoordinator.swift */,
			);
			path = App;
			sourceTree = "<group>";
		};
		EDA1F4EC2AE82DBA007ADD1A /* Resource */ = {
			isa = PBXGroup;
			children = (
				EDA1F4ED2AE82E3B007ADD1A /* Consts */,
				EDA1F4E02AE824F0007ADD1A /* Assets.xcassets */,
				EDA1F5232B0A3731007ADD1A /* Localizable.strings */,
			);
			path = Resource;
			sourceTree = "<group>";
		};
		EDA1F4ED2AE82E3B007ADD1A /* Consts */ = {
			isa = PBXGroup;
			children = (
				EDA1F4EE2AE82E7E007ADD1A /* UIColor+Consts.swift */,
				EDA1F4F02AE834EB007ADD1A /* UIFont+Consts.swift */,
				EDA1F4F22AE8383E007ADD1A /* UIImage+Consts.swift */,
			);
			path = Consts;
			sourceTree = "<group>";
		};
		EDA1F4F72AE83D7B007ADD1A /* Modules */ = {
			isa = PBXGroup;
			children = (
				EDA1F53D2B165435007ADD1A /* Onboarding */,
				EDA1F4F82AE83DA3007ADD1A /* Auth */,
			);
			path = Modules;
			sourceTree = "<group>";
		};
		EDA1F4F82AE83DA3007ADD1A /* Auth */ = {
			isa = PBXGroup;
			children = (
				EDA1F52B2B0A4900007ADD1A /* Reset */,
				EDA1F5122B03D595007ADD1A /* Register */,
				EDA1F4F92AE83DBF007ADD1A /* Login */,
			);
			path = Auth;
			sourceTree = "<group>";
		};
		EDA1F4F92AE83DBF007ADD1A /* Login */ = {
			isa = PBXGroup;
			children = (
				EDA1F5342B0D1B56007ADD1A /* Coordinator */,
				EDA1F50F2AFEA7CA007ADD1A /* UseCases */,
				EDA1F4FA2AE83DE1007ADD1A /* LoginVC.swift */,
				EDA1F5072AFE978D007ADD1A /* LoginVM.swift */,
			);
			path = Login;
			sourceTree = "<group>";
		};
		EDA1F4FC2AF15EC2007ADD1A /* Utils */ = {
			isa = PBXGroup;
			children = (
				EDA1F4FD2AF15F5F007ADD1A /* View+Layer.swift */,
				EDA1F5052AFE9434007ADD1A /* UIButton+Actions.swift */,
				EDA1F5272B0A3A4E007ADD1A /* String+Localize.swift */,
			);
			path = Utils;
			sourceTree = "<group>";
		};
		EDA1F4FF2AF1600C007ADD1A /* Styles */ = {
			isa = PBXGroup;
			children = (
				EDA1F5002AF16033007ADD1A /* UIButton+Styles.swift */,
				EDA1F5292B0A4016007ADD1A /* UIView+Styles.swift */,
				EDA1F52C2B0A78C9007ADD1A /* Label+Style.swift */,
			);
			path = Styles;
			sourceTree = "<group>";
		};
		EDA1F5022AF16E9E007ADD1A /* Custom */ = {
			isa = PBXGroup;
			children = (
				EDA1F5032AF16ED1007ADD1A /* LineTextField.swift */,
			);
			path = Custom;
			sourceTree = "<group>";
		};
		EDA1F50B2AFEA14F007ADD1A /* Services */ = {
			isa = PBXGroup;
			children = (
				EDA9C2BD2B1E027800655764 /* Base ViewControllers */,
				EDA1F53A2B164B65007ADD1A /* ParametersHelper */,
				EDA1F5312B0D1292007ADD1A /* Coordinator */,
				EDA1F5192B03E515007ADD1A /* KeyboardHelper */,
				EDA1F50C2AFEA17E007ADD1A /* InputValidator */,
			);
			path = Services;
			sourceTree = "<group>";
		};
		EDA1F50C2AFEA17E007ADD1A /* InputValidator */ = {
			isa = PBXGroup;
			children = (
				EDA1F50D2AFEA1BA007ADD1A /* InputValidator.swift */,
			);
			path = InputValidator;
			sourceTree = "<group>";
		};
		EDA1F50F2AFEA7CA007ADD1A /* UseCases */ = {
			isa = PBXGroup;
			children = (
				EDA1F5102AFEA816007ADD1A /* InputValidator+Login.swift */,
			);
			path = UseCases;
			sourceTree = "<group>";
		};
		EDA1F5122B03D595007ADD1A /* Register */ = {
			isa = PBXGroup;
			children = (
				EDA1F5372B0D24B5007ADD1A /* Coordinator */,
				EDA1F52E2B0D0D9E007ADD1A /* UseCases */,
				EDA1F5132B03D5B3007ADD1A /* RegisterVC.swift */,
				EDA1F5152B03DB8E007ADD1A /* RegisterPresenter.swift */,
			);
			path = Register;
			sourceTree = "<group>";
		};
		EDA1F5192B03E515007ADD1A /* KeyboardHelper */ = {
			isa = PBXGroup;
			children = (
				EDA1F51A2B03E54A007ADD1A /* KeyboardHelper.swift */,
			);
			path = KeyboardHelper;
			sourceTree = "<group>";
		};
		EDA1F52B2B0A4900007ADD1A /* Reset */ = {
			isa = PBXGroup;
			children = (
			);
			path = Reset;
			sourceTree = "<group>";
		};
		EDA1F52E2B0D0D9E007ADD1A /* UseCases */ = {
			isa = PBXGroup;
			children = (
			);
			path = UseCases;
			sourceTree = "<group>";
		};
		EDA1F5312B0D1292007ADD1A /* Coordinator */ = {
			isa = PBXGroup;
			children = (
				EDA1F5322B0D12A7007ADD1A /* Coordinator.swift */,
			);
			path = Coordinator;
			sourceTree = "<group>";
		};
		EDA1F5342B0D1B56007ADD1A /* Coordinator */ = {
			isa = PBXGroup;
			children = (
				EDA1F5352B0D1B75007ADD1A /* LoginCoordinator.swift */,
				EDA1F5092AFE97F5007ADD1A /* LoginAssembler.swift */,
			);
			path = Coordinator;
			sourceTree = "<group>";
		};
		EDA1F5372B0D24B5007ADD1A /* Coordinator */ = {
			isa = PBXGroup;
			children = (
				EDA1F5382B0D24D4007ADD1A /* RegisterCoordinator.swift */,
				EDA1F5172B03E122007ADD1A /* RegisterAssembler.swift */,
			);
			path = Coordinator;
			sourceTree = "<group>";
		};
		EDA1F53A2B164B65007ADD1A /* ParametersHelper */ = {
			isa = PBXGroup;
			children = (
				EDA1F53B2B164B8E007ADD1A /* ParametersHelper.swift */,
			);
			path = ParametersHelper;
			sourceTree = "<group>";
		};
		EDA1F53D2B165435007ADD1A /* Onboarding */ = {
			isa = PBXGroup;
			children = (
				EDA1F5492B165AAC007ADD1A /* OnboardingSecondStep */,
				EDA1F53E2B165446007ADD1A /* OnboardingFirstStep */,
			);
			path = Onboarding;
			sourceTree = "<group>";
		};
		EDA1F53E2B165446007ADD1A /* OnboardingFirstStep */ = {
			isa = PBXGroup;
			children = (
				EDA1F53F2B16545B007ADD1A /* Coordinator */,
				EDA1F5402B165489007ADD1A /* OnboardFirstStepVC.swift */,
				EDA1F5422B165680007ADD1A /* OnboardFirstStepVM.swift */,
			);
			path = OnboardingFirstStep;
			sourceTree = "<group>";
		};
		EDA1F53F2B16545B007ADD1A /* Coordinator */ = {
			isa = PBXGroup;
			children = (
				EDA1F5452B165739007ADD1A /* OnboardFirstStepAssembler.swift */,
				EDA1F5472B1657EA007ADD1A /* OnboardFirstStepCoordinator.swift */,
			);
			path = Coordinator;
			sourceTree = "<group>";
		};
		EDA1F5492B165AAC007ADD1A /* OnboardingSecondStep */ = {
			isa = PBXGroup;
			children = (
				EDA1F54A2B165ACC007ADD1A /* Coordinator */,
				EDA1F54D2B165D9B007ADD1A /* OnboardSecondStepVM.swift */,
				EDA1F54B2B165AF2007ADD1A /* OnboardSecondStepVC.swift */,
			);
			path = OnboardingSecondStep;
			sourceTree = "<group>";
		};
		EDA1F54A2B165ACC007ADD1A /* Coordinator */ = {
			isa = PBXGroup;
			children = (
				EDA9C2B92B1CEB0A00655764 /* OnboardSecondStepCoordinator.swift */,
				EDA9C2BB2B1CFAA000655764 /* OnboardSecondStepAssembler.swift */,
			);
			path = Coordinator;
			sourceTree = "<group>";
		};
		EDA9C2BD2B1E027800655764 /* Base ViewControllers */ = {
			isa = PBXGroup;
			children = (
				EDA9C2BE2B1E02AB00655764 /* MainBaseVC.swift */,
				EDA9C2C02B1E075B00655764 /* AuthVC.swift */,
			);
			path = "Base ViewControllers";
			sourceTree = "<group>";
		};
/* End PBXGroup section */

/* Begin PBXNativeTarget section */
		EDA1F4D32AE824ED007ADD1A /* NoteMe */ = {
			isa = PBXNativeTarget;
			buildConfigurationList = EDA1F4E82AE824F0007ADD1A /* Build configuration list for PBXNativeTarget "NoteMe" */;
			buildPhases = (
				EDA1F4D02AE824ED007ADD1A /* Sources */,
				EDA1F4D12AE824ED007ADD1A /* Frameworks */,
				EDA1F4D22AE824ED007ADD1A /* Resources */,
			);
			buildRules = (
			);
			dependencies = (
			);
			name = NoteMe;
			packageProductDependencies = (
				EDA1F4F52AE83B0D007ADD1A /* SnapKit */,
			);
			productName = NoteMe;
			productReference = EDA1F4D42AE824ED007ADD1A /* NoteMe.app */;
			productType = "com.apple.product-type.application";
		};
/* End PBXNativeTarget section */

/* Begin PBXProject section */
		EDA1F4CC2AE824ED007ADD1A /* Project object */ = {
			isa = PBXProject;
			attributes = {
				BuildIndependentTargetsInParallel = 1;
				LastSwiftUpdateCheck = 1430;
				LastUpgradeCheck = 1500;
				TargetAttributes = {
					EDA1F4D32AE824ED007ADD1A = {
						CreatedOnToolsVersion = 14.3.1;
					};
				};
			};
			buildConfigurationList = EDA1F4CF2AE824ED007ADD1A /* Build configuration list for PBXProject "NoteMe" */;
			compatibilityVersion = "Xcode 14.0";
			developmentRegion = en;
			hasScannedForEncodings = 0;
			knownRegions = (
				en,
				Base,
				pl,
				ru,
				"be-BY",
			);
			mainGroup = EDA1F4CB2AE824EC007ADD1A;
			packageReferences = (
				EDA1F4F42AE83B0D007ADD1A /* XCRemoteSwiftPackageReference "SnapKit" */,
			);
			productRefGroup = EDA1F4D52AE824ED007ADD1A /* Products */;
			projectDirPath = "";
			projectRoot = "";
			targets = (
				EDA1F4D32AE824ED007ADD1A /* NoteMe */,
			);
		};
/* End PBXProject section */

/* Begin PBXResourcesBuildPhase section */
		EDA1F4D22AE824ED007ADD1A /* Resources */ = {
			isa = PBXResourcesBuildPhase;
			buildActionMask = 2147483647;
			files = (
				EDA1F4E42AE824F0007ADD1A /* LaunchScreen.storyboard in Resources */,
				EDA1F5212B0A3731007ADD1A /* Localizable.strings in Resources */,
				EDA1F4E12AE824F0007ADD1A /* Assets.xcassets in Resources */,
			);
			runOnlyForDeploymentPostprocessing = 0;
		};
/* End PBXResourcesBuildPhase section */

/* Begin PBXSourcesBuildPhase section */
		EDA1F4D02AE824ED007ADD1A /* Sources */ = {
			isa = PBXSourcesBuildPhase;
			buildActionMask = 2147483647;
			files = (
				EDA9C2BA2B1CEB0A00655764 /* OnboardSecondStepCoordinator.swift in Sources */,
				EDA1F5302B0D1248007ADD1A /* AppCoordinator.swift in Sources */,
				EDA1F5182B03E122007ADD1A /* RegisterAssembler.swift in Sources */,
				EDA1F4F32AE8383E007ADD1A /* UIImage+Consts.swift in Sources */,
				EDA1F5482B1657EA007ADD1A /* OnboardFirstStepCoordinator.swift in Sources */,
				EDA1F52A2B0A4016007ADD1A /* UIView+Styles.swift in Sources */,
				EDA1F5112AFEA816007ADD1A /* InputValidator+Login.swift in Sources */,
				EDA1F5082AFE978D007ADD1A /* LoginVM.swift in Sources */,
				EDA1F5362B0D1B75007ADD1A /* LoginCoordinator.swift in Sources */,
				EDA1F50A2AFE97F5007ADD1A /* LoginAssembler.swift in Sources */,
				EDA1F5042AF16ED1007ADD1A /* LineTextField.swift in Sources */,
				EDA1F5282B0A3A4E007ADD1A /* String+Localize.swift in Sources */,
				EDA1F51B2B03E54A007ADD1A /* KeyboardHelper.swift in Sources */,
				EDA1F5012AF16033007ADD1A /* UIButton+Styles.swift in Sources */,
				EDA1F50E2AFEA1BA007ADD1A /* InputValidator.swift in Sources */,
				EDA1F53C2B164B8E007ADD1A /* ParametersHelper.swift in Sources */,
				EDA1F52D2B0A78C9007ADD1A /* Label+Style.swift in Sources */,
				EDA1F4FE2AF15F5F007ADD1A /* View+Layer.swift in Sources */,
				EDA9C2C12B1E075B00655764 /* AuthVC.swift in Sources */,
				EDA1F4F12AE834EB007ADD1A /* UIFont+Consts.swift in Sources */,
				EDA1F5462B165739007ADD1A /* OnboardFirstStepAssembler.swift in Sources */,
				EDA9C2BF2B1E02AB00655764 /* MainBaseVC.swift in Sources */,
				EDA1F5142B03D5B3007ADD1A /* RegisterVC.swift in Sources */,
				EDA1F54E2B165D9B007ADD1A /* OnboardSecondStepVM.swift in Sources */,
				EDA1F4FB2AE83DE1007ADD1A /* LoginVC.swift in Sources */,
				EDA1F5412B165489007ADD1A /* OnboardFirstStepVC.swift in Sources */,
				EDA1F5332B0D12A7007ADD1A /* Coordinator.swift in Sources */,
				EDA1F5392B0D24D4007ADD1A /* RegisterCoordinator.swift in Sources */,
				EDA1F4D82AE824ED007ADD1A /* AppDelegate.swift in Sources */,
				EDA1F5432B165680007ADD1A /* OnboardFirstStepVM.swift in Sources */,
				EDA1F5062AFE9435007ADD1A /* UIButton+Actions.swift in Sources */,
				EDA1F4EF2AE82E7E007ADD1A /* UIColor+Consts.swift in Sources */,
				EDA1F4DA2AE824ED007ADD1A /* SceneDelegate.swift in Sources */,
				EDA1F5162B03DB8E007ADD1A /* RegisterPresenter.swift in Sources */,
				EDA9C2BC2B1CFAA000655764 /* OnboardSecondStepAssembler.swift in Sources */,
				EDA1F54C2B165AF2007ADD1A /* OnboardSecondStepVC.swift in Sources */,
			);
			runOnlyForDeploymentPostprocessing = 0;
		};
/* End PBXSourcesBuildPhase section */

/* Begin PBXVariantGroup section */
		EDA1F4E22AE824F0007ADD1A /* LaunchScreen.storyboard */ = {
			isa = PBXVariantGroup;
			children = (
				EDA1F4E32AE824F0007ADD1A /* Base */,
				EDA1F51E2B0A36B7007ADD1A /* pl */,
				EDA1F51F2B0A36C3007ADD1A /* ru */,
				EDA1F5202B0A36EE007ADD1A /* be-BY */,
			);
			name = LaunchScreen.storyboard;
			sourceTree = "<group>";
		};
		EDA1F5232B0A3731007ADD1A /* Localizable.strings */ = {
			isa = PBXVariantGroup;
			children = (
				EDA1F5222B0A3731007ADD1A /* en */,
				EDA1F5242B0A3737007ADD1A /* be-BY */,
				EDA1F5252B0A373C007ADD1A /* pl */,
				EDA1F5262B0A373D007ADD1A /* ru */,
			);
			name = Localizable.strings;
			sourceTree = "<group>";
		};
/* End PBXVariantGroup section */

/* Begin XCBuildConfiguration section */
		EDA1F4E62AE824F0007ADD1A /* Debug */ = {
			isa = XCBuildConfiguration;
			buildSettings = {
				ALWAYS_SEARCH_USER_PATHS = NO;
				ASSETCATALOG_COMPILER_GENERATE_SWIFT_ASSET_SYMBOL_EXTENSIONS = YES;
				CLANG_ANALYZER_LOCALIZABILITY_NONLOCALIZED = YES;
				CLANG_ANALYZER_NONNULL = YES;
				CLANG_ANALYZER_NUMBER_OBJECT_CONVERSION = YES_AGGRESSIVE;
				CLANG_CXX_LANGUAGE_STANDARD = "gnu++20";
				CLANG_ENABLE_MODULES = YES;
				CLANG_ENABLE_OBJC_ARC = YES;
				CLANG_ENABLE_OBJC_WEAK = YES;
				CLANG_WARN_BLOCK_CAPTURE_AUTORELEASING = YES;
				CLANG_WARN_BOOL_CONVERSION = YES;
				CLANG_WARN_COMMA = YES;
				CLANG_WARN_CONSTANT_CONVERSION = YES;
				CLANG_WARN_DEPRECATED_OBJC_IMPLEMENTATIONS = YES;
				CLANG_WARN_DIRECT_OBJC_ISA_USAGE = YES_ERROR;
				CLANG_WARN_DOCUMENTATION_COMMENTS = YES;
				CLANG_WARN_EMPTY_BODY = YES;
				CLANG_WARN_ENUM_CONVERSION = YES;
				CLANG_WARN_INFINITE_RECURSION = YES;
				CLANG_WARN_INT_CONVERSION = YES;
				CLANG_WARN_NON_LITERAL_NULL_CONVERSION = YES;
				CLANG_WARN_OBJC_IMPLICIT_RETAIN_SELF = YES;
				CLANG_WARN_OBJC_LITERAL_CONVERSION = YES;
				CLANG_WARN_OBJC_ROOT_CLASS = YES_ERROR;
				CLANG_WARN_QUOTED_INCLUDE_IN_FRAMEWORK_HEADER = YES;
				CLANG_WARN_RANGE_LOOP_ANALYSIS = YES;
				CLANG_WARN_STRICT_PROTOTYPES = YES;
				CLANG_WARN_SUSPICIOUS_MOVE = YES;
				CLANG_WARN_UNGUARDED_AVAILABILITY = YES_AGGRESSIVE;
				CLANG_WARN_UNREACHABLE_CODE = YES;
				CLANG_WARN__DUPLICATE_METHOD_MATCH = YES;
				COPY_PHASE_STRIP = NO;
				DEBUG_INFORMATION_FORMAT = dwarf;
				ENABLE_STRICT_OBJC_MSGSEND = YES;
				ENABLE_TESTABILITY = YES;
				ENABLE_USER_SCRIPT_SANDBOXING = YES;
				GCC_C_LANGUAGE_STANDARD = gnu11;
				GCC_DYNAMIC_NO_PIC = NO;
				GCC_NO_COMMON_BLOCKS = YES;
				GCC_OPTIMIZATION_LEVEL = 0;
				GCC_PREPROCESSOR_DEFINITIONS = (
					"DEBUG=1",
					"$(inherited)",
				);
				GCC_WARN_64_TO_32_BIT_CONVERSION = YES;
				GCC_WARN_ABOUT_RETURN_TYPE = YES_ERROR;
				GCC_WARN_UNDECLARED_SELECTOR = YES;
				GCC_WARN_UNINITIALIZED_AUTOS = YES_AGGRESSIVE;
				GCC_WARN_UNUSED_FUNCTION = YES;
				GCC_WARN_UNUSED_VARIABLE = YES;
				IPHONEOS_DEPLOYMENT_TARGET = 16.4;
				MTL_ENABLE_DEBUG_INFO = INCLUDE_SOURCE;
				MTL_FAST_MATH = YES;
				ONLY_ACTIVE_ARCH = YES;
				SDKROOT = iphoneos;
				SWIFT_ACTIVE_COMPILATION_CONDITIONS = DEBUG;
				SWIFT_OPTIMIZATION_LEVEL = "-Onone";
			};
			name = Debug;
		};
		EDA1F4E72AE824F0007ADD1A /* Release */ = {
			isa = XCBuildConfiguration;
			buildSettings = {
				ALWAYS_SEARCH_USER_PATHS = NO;
				ASSETCATALOG_COMPILER_GENERATE_SWIFT_ASSET_SYMBOL_EXTENSIONS = YES;
				CLANG_ANALYZER_LOCALIZABILITY_NONLOCALIZED = YES;
				CLANG_ANALYZER_NONNULL = YES;
				CLANG_ANALYZER_NUMBER_OBJECT_CONVERSION = YES_AGGRESSIVE;
				CLANG_CXX_LANGUAGE_STANDARD = "gnu++20";
				CLANG_ENABLE_MODULES = YES;
				CLANG_ENABLE_OBJC_ARC = YES;
				CLANG_ENABLE_OBJC_WEAK = YES;
				CLANG_WARN_BLOCK_CAPTURE_AUTORELEASING = YES;
				CLANG_WARN_BOOL_CONVERSION = YES;
				CLANG_WARN_COMMA = YES;
				CLANG_WARN_CONSTANT_CONVERSION = YES;
				CLANG_WARN_DEPRECATED_OBJC_IMPLEMENTATIONS = YES;
				CLANG_WARN_DIRECT_OBJC_ISA_USAGE = YES_ERROR;
				CLANG_WARN_DOCUMENTATION_COMMENTS = YES;
				CLANG_WARN_EMPTY_BODY = YES;
				CLANG_WARN_ENUM_CONVERSION = YES;
				CLANG_WARN_INFINITE_RECURSION = YES;
				CLANG_WARN_INT_CONVERSION = YES;
				CLANG_WARN_NON_LITERAL_NULL_CONVERSION = YES;
				CLANG_WARN_OBJC_IMPLICIT_RETAIN_SELF = YES;
				CLANG_WARN_OBJC_LITERAL_CONVERSION = YES;
				CLANG_WARN_OBJC_ROOT_CLASS = YES_ERROR;
				CLANG_WARN_QUOTED_INCLUDE_IN_FRAMEWORK_HEADER = YES;
				CLANG_WARN_RANGE_LOOP_ANALYSIS = YES;
				CLANG_WARN_STRICT_PROTOTYPES = YES;
				CLANG_WARN_SUSPICIOUS_MOVE = YES;
				CLANG_WARN_UNGUARDED_AVAILABILITY = YES_AGGRESSIVE;
				CLANG_WARN_UNREACHABLE_CODE = YES;
				CLANG_WARN__DUPLICATE_METHOD_MATCH = YES;
				COPY_PHASE_STRIP = NO;
				DEBUG_INFORMATION_FORMAT = "dwarf-with-dsym";
				ENABLE_NS_ASSERTIONS = NO;
				ENABLE_STRICT_OBJC_MSGSEND = YES;
				ENABLE_USER_SCRIPT_SANDBOXING = YES;
				GCC_C_LANGUAGE_STANDARD = gnu11;
				GCC_NO_COMMON_BLOCKS = YES;
				GCC_WARN_64_TO_32_BIT_CONVERSION = YES;
				GCC_WARN_ABOUT_RETURN_TYPE = YES_ERROR;
				GCC_WARN_UNDECLARED_SELECTOR = YES;
				GCC_WARN_UNINITIALIZED_AUTOS = YES_AGGRESSIVE;
				GCC_WARN_UNUSED_FUNCTION = YES;
				GCC_WARN_UNUSED_VARIABLE = YES;
				IPHONEOS_DEPLOYMENT_TARGET = 16.4;
				MTL_ENABLE_DEBUG_INFO = NO;
				MTL_FAST_MATH = YES;
				SDKROOT = iphoneos;
				SWIFT_COMPILATION_MODE = wholemodule;
				SWIFT_OPTIMIZATION_LEVEL = "-O";
				VALIDATE_PRODUCT = YES;
			};
			name = Release;
		};
		EDA1F4E92AE824F0007ADD1A /* Debug */ = {
			isa = XCBuildConfiguration;
			buildSettings = {
				ASSETCATALOG_COMPILER_APPICON_NAME = AppIcon;
				ASSETCATALOG_COMPILER_GLOBAL_ACCENT_COLOR_NAME = AccentColor;
				CODE_SIGN_STYLE = Automatic;
				CURRENT_PROJECT_VERSION = 1;
				DEVELOPMENT_TEAM = 8329H366V4;
				GENERATE_INFOPLIST_FILE = YES;
				INFOPLIST_FILE = NoteMe/app/Info.plist;
				INFOPLIST_KEY_CFBundleDisplayName = NOTEme;
				INFOPLIST_KEY_LSApplicationCategoryType = "public.app-category.lifestyle";
				INFOPLIST_KEY_UIApplicationSupportsIndirectInputEvents = YES;
				INFOPLIST_KEY_UILaunchStoryboardName = LaunchScreen;
				INFOPLIST_KEY_UIMainStoryboardFile = "";
				INFOPLIST_KEY_UIStatusBarStyle = UIStatusBarStyleLightContent;
				INFOPLIST_KEY_UISupportedInterfaceOrientations = "UIInterfaceOrientationPortrait UIInterfaceOrientationPortraitUpsideDown";
				IPHONEOS_DEPLOYMENT_TARGET = 13.0;
				LD_RUNPATH_SEARCH_PATHS = (
					"$(inherited)",
					"@executable_path/Frameworks",
				);
				MARKETING_VERSION = 1.0;
				PRODUCT_BUNDLE_IDENTIFIER = stampa.NoteMe;
				PRODUCT_NAME = "$(TARGET_NAME)";
				SWIFT_EMIT_LOC_STRINGS = YES;
				SWIFT_VERSION = 5.0;
				TARGETED_DEVICE_FAMILY = "1,2";
			};
			name = Debug;
		};
		EDA1F4EA2AE824F0007ADD1A /* Release */ = {
			isa = XCBuildConfiguration;
			buildSettings = {
				ASSETCATALOG_COMPILER_APPICON_NAME = AppIcon;
				ASSETCATALOG_COMPILER_GLOBAL_ACCENT_COLOR_NAME = AccentColor;
				CODE_SIGN_STYLE = Automatic;
				CURRENT_PROJECT_VERSION = 1;
				DEVELOPMENT_TEAM = 8329H366V4;
				GENERATE_INFOPLIST_FILE = YES;
				INFOPLIST_FILE = NoteMe/app/Info.plist;
				INFOPLIST_KEY_CFBundleDisplayName = NOTEme;
				INFOPLIST_KEY_LSApplicationCategoryType = "public.app-category.lifestyle";
				INFOPLIST_KEY_UIApplicationSupportsIndirectInputEvents = YES;
				INFOPLIST_KEY_UILaunchStoryboardName = LaunchScreen;
				INFOPLIST_KEY_UIMainStoryboardFile = "";
				INFOPLIST_KEY_UIStatusBarStyle = UIStatusBarStyleLightContent;
				INFOPLIST_KEY_UISupportedInterfaceOrientations = "UIInterfaceOrientationPortrait UIInterfaceOrientationPortraitUpsideDown";
				IPHONEOS_DEPLOYMENT_TARGET = 13.0;
				LD_RUNPATH_SEARCH_PATHS = (
					"$(inherited)",
					"@executable_path/Frameworks",
				);
				MARKETING_VERSION = 1.0;
				PRODUCT_BUNDLE_IDENTIFIER = stampa.NoteMe;
				PRODUCT_NAME = "$(TARGET_NAME)";
				SWIFT_EMIT_LOC_STRINGS = YES;
				SWIFT_VERSION = 5.0;
				TARGETED_DEVICE_FAMILY = "1,2";
			};
			name = Release;
		};
/* End XCBuildConfiguration section */

/* Begin XCConfigurationList section */
		EDA1F4CF2AE824ED007ADD1A /* Build configuration list for PBXProject "NoteMe" */ = {
			isa = XCConfigurationList;
			buildConfigurations = (
				EDA1F4E62AE824F0007ADD1A /* Debug */,
				EDA1F4E72AE824F0007ADD1A /* Release */,
			);
			defaultConfigurationIsVisible = 0;
			defaultConfigurationName = Release;
		};
		EDA1F4E82AE824F0007ADD1A /* Build configuration list for PBXNativeTarget "NoteMe" */ = {
			isa = XCConfigurationList;
			buildConfigurations = (
				EDA1F4E92AE824F0007ADD1A /* Debug */,
				EDA1F4EA2AE824F0007ADD1A /* Release */,
			);
			defaultConfigurationIsVisible = 0;
			defaultConfigurationName = Release;
		};
/* End XCConfigurationList section */

/* Begin XCRemoteSwiftPackageReference section */
		EDA1F4F42AE83B0D007ADD1A /* XCRemoteSwiftPackageReference "SnapKit" */ = {
			isa = XCRemoteSwiftPackageReference;
			repositoryURL = "https://github.com/SnapKit/SnapKit.git";
			requirement = {
				kind = upToNextMajorVersion;
				minimumVersion = 5.0.0;
			};
		};
/* End XCRemoteSwiftPackageReference section */

/* Begin XCSwiftPackageProductDependency section */
		EDA1F4F52AE83B0D007ADD1A /* SnapKit */ = {
			isa = XCSwiftPackageProductDependency;
			package = EDA1F4F42AE83B0D007ADD1A /* XCRemoteSwiftPackageReference "SnapKit" */;
			productName = SnapKit;
		};
/* End XCSwiftPackageProductDependency section */
	};
	rootObject = EDA1F4CC2AE824ED007ADD1A /* Project object */;
}
